// !$*UTF8*$!
{
	archiveVersion = 1;
	classes = {
	};
	objectVersion = 50;
	objects = {

/* Begin PBXBuildFile section */
		03915A41CCCF5103124B33E6 /* Pods_NetworkInterceptor.framework in Frameworks */ = {isa = PBXBuildFile; fileRef = 3C737E0A347E83ED712E90F0 /* Pods_NetworkInterceptor.framework */; };
		1C19A2A9216A0D140041F5BE /* URLRequestFactory.swift in Sources */ = {isa = PBXBuildFile; fileRef = 1C19A2A8216A0D140041F5BE /* URLRequestFactory.swift */; };
		1C2E2F2820F4783C003CFD58 /* NetworkInterceptorConfig.swift in Sources */ = {isa = PBXBuildFile; fileRef = 1C2E2F2720F4783C003CFD58 /* NetworkInterceptorConfig.swift */; };
		1C2E2F2A20F47B2E003CFD58 /* ConsoleLoggerSniffableRequestHandler.swift in Sources */ = {isa = PBXBuildFile; fileRef = 1C2E2F2920F47B2E003CFD58 /* ConsoleLoggerSniffableRequestHandler.swift */; };
		1C2E2F7521062A79003CFD58 /* InterceptedRequestHandlerRegistrable.swift in Sources */ = {isa = PBXBuildFile; fileRef = 1C2E2F7421062A79003CFD58 /* InterceptedRequestHandlerRegistrable.swift */; };
		1C36592F2129CE1D0040A19B /* AnyHttpRequestEvaluator.swift in Sources */ = {isa = PBXBuildFile; fileRef = 1C36592E2129CE1D0040A19B /* AnyHttpRequestEvaluator.swift */; };
		1C831DBC20B9A3AE003648C6 /* NetworkInterceptor.h in Headers */ = {isa = PBXBuildFile; fileRef = 1C831DBA20B9A3AE003648C6 /* NetworkInterceptor.h */; settings = {ATTRIBUTES = (Public, ); }; };
		1C831DC620B9A420003648C6 /* NetworkInterceptor.swift in Sources */ = {isa = PBXBuildFile; fileRef = 1C831DC520B9A420003648C6 /* NetworkInterceptor.swift */; };
		1C831DC920B9A706003648C6 /* NetworkRequestInterceptor.swift in Sources */ = {isa = PBXBuildFile; fileRef = 1C831DC820B9A706003648C6 /* NetworkRequestInterceptor.swift */; };
		1C831DCE20B9AA03003648C6 /* SlackSniffableRequestHandler.swift in Sources */ = {isa = PBXBuildFile; fileRef = 1C831DCD20B9AA03003648C6 /* SlackSniffableRequestHandler.swift */; };
		1CAD80CC21328D5600CA2160 /* DomainHttpRequestEvaluator.swift in Sources */ = {isa = PBXBuildFile; fileRef = 1CAD80CB21328D5600CA2160 /* DomainHttpRequestEvaluator.swift */; };
		1CAD80CE21328E9400CA2160 /* AlternateDomainSniffableRequestHandler.swift in Sources */ = {isa = PBXBuildFile; fileRef = 1CAD80CD21328E9400CA2160 /* AlternateDomainSniffableRequestHandler.swift */; };
		1CAD80D02132947500CA2160 /* NetworkRequestRedirectHandler.swift in Sources */ = {isa = PBXBuildFile; fileRef = 1CAD80CF2132947500CA2160 /* NetworkRequestRedirectHandler.swift */; };
		1CAD80D221329B7100CA2160 /* NetworkRedirectUrlProtocol.swift in Sources */ = {isa = PBXBuildFile; fileRef = 1CAD80D121329B7100CA2160 /* NetworkRedirectUrlProtocol.swift */; };
		1CAD80D521329BE900CA2160 /* NetworkRequestSniffableUrlProtocol.swift in Sources */ = {isa = PBXBuildFile; fileRef = 1CAD80D421329BE900CA2160 /* NetworkRequestSniffableUrlProtocol.swift */; };
		1CAD80D82132A7DC00CA2160 /* AlternateDomainRequestRedirector.swift in Sources */ = {isa = PBXBuildFile; fileRef = 1CAD80D72132A7DC00CA2160 /* AlternateDomainRequestRedirector.swift */; };
		1CAD80DA2133042400CA2160 /* AlternateUrlRequestRedirector.swift in Sources */ = {isa = PBXBuildFile; fileRef = 1CAD80D92133042400CA2160 /* AlternateUrlRequestRedirector.swift */; };
/* End PBXBuildFile section */

/* Begin PBXFileReference section */
		1C19A2A8216A0D140041F5BE /* URLRequestFactory.swift */ = {isa = PBXFileReference; lastKnownFileType = sourcecode.swift; path = URLRequestFactory.swift; sourceTree = "<group>"; };
		1C2E2F2720F4783C003CFD58 /* NetworkInterceptorConfig.swift */ = {isa = PBXFileReference; lastKnownFileType = sourcecode.swift; path = NetworkInterceptorConfig.swift; sourceTree = "<group>"; };
		1C2E2F2920F47B2E003CFD58 /* ConsoleLoggerSniffableRequestHandler.swift */ = {isa = PBXFileReference; lastKnownFileType = sourcecode.swift; path = ConsoleLoggerSniffableRequestHandler.swift; sourceTree = "<group>"; };
		1C2E2F7421062A79003CFD58 /* InterceptedRequestHandlerRegistrable.swift */ = {isa = PBXFileReference; lastKnownFileType = sourcecode.swift; path = InterceptedRequestHandlerRegistrable.swift; sourceTree = "<group>"; };
		1C36592E2129CE1D0040A19B /* AnyHttpRequestEvaluator.swift */ = {isa = PBXFileReference; lastKnownFileType = sourcecode.swift; path = AnyHttpRequestEvaluator.swift; sourceTree = "<group>"; };
		1C3659302129D26A0040A19B /* README.md */ = {isa = PBXFileReference; fileEncoding = 4; lastKnownFileType = net.daringfireball.markdown; path = README.md; sourceTree = "<group>"; };
		1C831DB720B9A3AE003648C6 /* NetworkInterceptor.framework */ = {isa = PBXFileReference; explicitFileType = wrapper.framework; includeInIndex = 0; path = NetworkInterceptor.framework; sourceTree = BUILT_PRODUCTS_DIR; };
		1C831DBA20B9A3AE003648C6 /* NetworkInterceptor.h */ = {isa = PBXFileReference; lastKnownFileType = sourcecode.c.h; path = NetworkInterceptor.h; sourceTree = "<group>"; };
		1C831DBB20B9A3AE003648C6 /* Info.plist */ = {isa = PBXFileReference; lastKnownFileType = text.plist.xml; path = Info.plist; sourceTree = "<group>"; };
		1C831DC520B9A420003648C6 /* NetworkInterceptor.swift */ = {isa = PBXFileReference; lastKnownFileType = sourcecode.swift; path = NetworkInterceptor.swift; sourceTree = "<group>"; };
		1C831DC820B9A706003648C6 /* NetworkRequestInterceptor.swift */ = {isa = PBXFileReference; lastKnownFileType = sourcecode.swift; path = NetworkRequestInterceptor.swift; sourceTree = "<group>"; };
		1C831DCD20B9AA03003648C6 /* SlackSniffableRequestHandler.swift */ = {isa = PBXFileReference; lastKnownFileType = sourcecode.swift; path = SlackSniffableRequestHandler.swift; sourceTree = "<group>"; };
		1CAD80CB21328D5600CA2160 /* DomainHttpRequestEvaluator.swift */ = {isa = PBXFileReference; lastKnownFileType = sourcecode.swift; path = DomainHttpRequestEvaluator.swift; sourceTree = "<group>"; };
		1CAD80CD21328E9400CA2160 /* AlternateDomainSniffableRequestHandler.swift */ = {isa = PBXFileReference; lastKnownFileType = sourcecode.swift; path = AlternateDomainSniffableRequestHandler.swift; sourceTree = "<group>"; };
		1CAD80CF2132947500CA2160 /* NetworkRequestRedirectHandler.swift */ = {isa = PBXFileReference; lastKnownFileType = sourcecode.swift; path = NetworkRequestRedirectHandler.swift; sourceTree = "<group>"; };
		1CAD80D121329B7100CA2160 /* NetworkRedirectUrlProtocol.swift */ = {isa = PBXFileReference; lastKnownFileType = sourcecode.swift; path = NetworkRedirectUrlProtocol.swift; sourceTree = "<group>"; };
		1CAD80D421329BE900CA2160 /* NetworkRequestSniffableUrlProtocol.swift */ = {isa = PBXFileReference; lastKnownFileType = sourcecode.swift; path = NetworkRequestSniffableUrlProtocol.swift; sourceTree = "<group>"; };
		1CAD80D72132A7DC00CA2160 /* AlternateDomainRequestRedirector.swift */ = {isa = PBXFileReference; lastKnownFileType = sourcecode.swift; path = AlternateDomainRequestRedirector.swift; sourceTree = "<group>"; };
		1CAD80D92133042400CA2160 /* AlternateUrlRequestRedirector.swift */ = {isa = PBXFileReference; lastKnownFileType = sourcecode.swift; path = AlternateUrlRequestRedirector.swift; sourceTree = "<group>"; };
		3C737E0A347E83ED712E90F0 /* Pods_NetworkInterceptor.framework */ = {isa = PBXFileReference; explicitFileType = wrapper.framework; includeInIndex = 0; path = Pods_NetworkInterceptor.framework; sourceTree = BUILT_PRODUCTS_DIR; };
		7CA727150E0B1AD1D8F1EAED /* Pods-NetworkInterceptor.debug.xcconfig */ = {isa = PBXFileReference; includeInIndex = 1; lastKnownFileType = text.xcconfig; name = "Pods-NetworkInterceptor.debug.xcconfig"; path = "Pods/Target Support Files/Pods-NetworkInterceptor/Pods-NetworkInterceptor.debug.xcconfig"; sourceTree = "<group>"; };
		E75255131FB11CF5B99D8E6F /* Pods-NetworkInterceptor.release.xcconfig */ = {isa = PBXFileReference; includeInIndex = 1; lastKnownFileType = text.xcconfig; name = "Pods-NetworkInterceptor.release.xcconfig"; path = "Pods/Target Support Files/Pods-NetworkInterceptor/Pods-NetworkInterceptor.release.xcconfig"; sourceTree = "<group>"; };
/* End PBXFileReference section */

/* Begin PBXFrameworksBuildPhase section */
		1C831DB320B9A3AE003648C6 /* Frameworks */ = {
			isa = PBXFrameworksBuildPhase;
			buildActionMask = 2147483647;
			files = (
				03915A41CCCF5103124B33E6 /* Pods_NetworkInterceptor.framework in Frameworks */,
			);
			runOnlyForDeploymentPostprocessing = 0;
		};
/* End PBXFrameworksBuildPhase section */

/* Begin PBXGroup section */
		1C19A2A7216A0CEF0041F5BE /* Helpers */ = {
			isa = PBXGroup;
			children = (
				1C19A2A8216A0D140041F5BE /* URLRequestFactory.swift */,
			);
			path = Helpers;
			sourceTree = "<group>";
		};
		1C831DAD20B9A3AE003648C6 = {
			isa = PBXGroup;
			children = (
				1C3659302129D26A0040A19B /* README.md */,
				1C831DB920B9A3AE003648C6 /* NetworkInterceptor */,
				1C831DB820B9A3AE003648C6 /* Products */,
				DBD58177650D2CBC63592ED2 /* Pods */,
				5C139292E477F0FBD0A43FDF /* Frameworks */,
			);
			sourceTree = "<group>";
		};
		1C831DB820B9A3AE003648C6 /* Products */ = {
			isa = PBXGroup;
			children = (
				1C831DB720B9A3AE003648C6 /* NetworkInterceptor.framework */,
			);
			name = Products;
			sourceTree = "<group>";
		};
		1C831DB920B9A3AE003648C6 /* NetworkInterceptor */ = {
			isa = PBXGroup;
			children = (
				1C831DC220B9A3C8003648C6 /* Source */,
				1C831DBA20B9A3AE003648C6 /* NetworkInterceptor.h */,
				1C831DBB20B9A3AE003648C6 /* Info.plist */,
			);
			path = NetworkInterceptor;
			sourceTree = "<group>";
		};
		1C831DC220B9A3C8003648C6 /* Source */ = {
			isa = PBXGroup;
			children = (
				1C831DC520B9A420003648C6 /* NetworkInterceptor.swift */,
				1C2E2F2720F4783C003CFD58 /* NetworkInterceptorConfig.swift */,
				1C831DC820B9A706003648C6 /* NetworkRequestInterceptor.swift */,
				1CAD80CF2132947500CA2160 /* NetworkRequestRedirectHandler.swift */,
				1C2E2F7421062A79003CFD58 /* InterceptedRequestHandlerRegistrable.swift */,
				1CAD80D321329BCA00CA2160 /* URLProtocol */,
				1C831DC720B9A6DF003648C6 /* RequestEvaluator */,
				1C831DCC20B9A9D2003648C6 /* SniffableRequestHandler */,
				1CAD80D62132A7C600CA2160 /* RequestRedirector */,
				1C19A2A7216A0CEF0041F5BE /* Helpers */,
			);
			path = Source;
			sourceTree = "<group>";
		};
		1C831DC720B9A6DF003648C6 /* RequestEvaluator */ = {
			isa = PBXGroup;
			children = (
				1C36592E2129CE1D0040A19B /* AnyHttpRequestEvaluator.swift */,
				1CAD80CB21328D5600CA2160 /* DomainHttpRequestEvaluator.swift */,
			);
			path = RequestEvaluator;
			sourceTree = "<group>";
		};
		1C831DCC20B9A9D2003648C6 /* SniffableRequestHandler */ = {
			isa = PBXGroup;
			children = (
				1C831DCD20B9AA03003648C6 /* SlackSniffableRequestHandler.swift */,
				1C2E2F2920F47B2E003CFD58 /* ConsoleLoggerSniffableRequestHandler.swift */,
				1CAD80CD21328E9400CA2160 /* AlternateDomainSniffableRequestHandler.swift */,
			);
			path = SniffableRequestHandler;
			sourceTree = "<group>";
		};
		1CAD80D321329BCA00CA2160 /* URLProtocol */ = {
			isa = PBXGroup;
			children = (
				1CAD80D421329BE900CA2160 /* NetworkRequestSniffableUrlProtocol.swift */,
				1CAD80D121329B7100CA2160 /* NetworkRedirectUrlProtocol.swift */,
			);
			path = URLProtocol;
			sourceTree = "<group>";
		};
		1CAD80D62132A7C600CA2160 /* RequestRedirector */ = {
			isa = PBXGroup;
			children = (
				1CAD80D72132A7DC00CA2160 /* AlternateDomainRequestRedirector.swift */,
				1CAD80D92133042400CA2160 /* AlternateUrlRequestRedirector.swift */,
			);
			path = RequestRedirector;
			sourceTree = "<group>";
		};
		5C139292E477F0FBD0A43FDF /* Frameworks */ = {
			isa = PBXGroup;
			children = (
				3C737E0A347E83ED712E90F0 /* Pods_NetworkInterceptor.framework */,
			);
			name = Frameworks;
			sourceTree = "<group>";
		};
		DBD58177650D2CBC63592ED2 /* Pods */ = {
			isa = PBXGroup;
			children = (
				7CA727150E0B1AD1D8F1EAED /* Pods-NetworkInterceptor.debug.xcconfig */,
				E75255131FB11CF5B99D8E6F /* Pods-NetworkInterceptor.release.xcconfig */,
			);
			name = Pods;
			sourceTree = "<group>";
		};
/* End PBXGroup section */

/* Begin PBXHeadersBuildPhase section */
		1C831DB420B9A3AE003648C6 /* Headers */ = {
			isa = PBXHeadersBuildPhase;
			buildActionMask = 2147483647;
			files = (
				1C831DBC20B9A3AE003648C6 /* NetworkInterceptor.h in Headers */,
			);
			runOnlyForDeploymentPostprocessing = 0;
		};
/* End PBXHeadersBuildPhase section */

/* Begin PBXNativeTarget section */
		1C831DB620B9A3AE003648C6 /* NetworkInterceptor */ = {
			isa = PBXNativeTarget;
			buildConfigurationList = 1C831DBF20B9A3AE003648C6 /* Build configuration list for PBXNativeTarget "NetworkInterceptor" */;
			buildPhases = (
				B72A005A4D84655B64382A3D /* [CP] Check Pods Manifest.lock */,
				1C831DB220B9A3AE003648C6 /* Sources */,
				1C831DB320B9A3AE003648C6 /* Frameworks */,
				1C831DB420B9A3AE003648C6 /* Headers */,
				1C831DB520B9A3AE003648C6 /* Resources */,
			);
			buildRules = (
			);
			dependencies = (
			);
			name = NetworkInterceptor;
			productName = NetworkInterceptor;
			productReference = 1C831DB720B9A3AE003648C6 /* NetworkInterceptor.framework */;
			productType = "com.apple.product-type.framework";
		};
/* End PBXNativeTarget section */

/* Begin PBXProject section */
		1C831DAE20B9A3AE003648C6 /* Project object */ = {
			isa = PBXProject;
			attributes = {
				LastUpgradeCheck = 0930;
				ORGANIZATIONNAME = "Kenneth Poon";
				TargetAttributes = {
					1C831DB620B9A3AE003648C6 = {
						CreatedOnToolsVersion = 9.3;
						LastSwiftMigration = 0930;
					};
				};
			};
			buildConfigurationList = 1C831DB120B9A3AE003648C6 /* Build configuration list for PBXProject "NetworkInterceptor" */;
			compatibilityVersion = "Xcode 9.3";
			developmentRegion = en;
			hasScannedForEncodings = 0;
			knownRegions = (
				en,
			);
			mainGroup = 1C831DAD20B9A3AE003648C6;
			productRefGroup = 1C831DB820B9A3AE003648C6 /* Products */;
			projectDirPath = "";
			projectRoot = "";
			targets = (
				1C831DB620B9A3AE003648C6 /* NetworkInterceptor */,
			);
		};
/* End PBXProject section */

/* Begin PBXResourcesBuildPhase section */
		1C831DB520B9A3AE003648C6 /* Resources */ = {
			isa = PBXResourcesBuildPhase;
			buildActionMask = 2147483647;
			files = (
			);
			runOnlyForDeploymentPostprocessing = 0;
		};
/* End PBXResourcesBuildPhase section */

/* Begin PBXShellScriptBuildPhase section */
		B72A005A4D84655B64382A3D /* [CP] Check Pods Manifest.lock */ = {
			isa = PBXShellScriptBuildPhase;
			buildActionMask = 2147483647;
			files = (
			);
			inputPaths = (
				"${PODS_PODFILE_DIR_PATH}/Podfile.lock",
				"${PODS_ROOT}/Manifest.lock",
			);
			name = "[CP] Check Pods Manifest.lock";
			outputPaths = (
				"$(DERIVED_FILE_DIR)/Pods-NetworkInterceptor-checkManifestLockResult.txt",
			);
			runOnlyForDeploymentPostprocessing = 0;
			shellPath = /bin/sh;
			shellScript = "diff \"${PODS_PODFILE_DIR_PATH}/Podfile.lock\" \"${PODS_ROOT}/Manifest.lock\" > /dev/null\nif [ $? != 0 ] ; then\n    # print error to STDERR\n    echo \"error: The sandbox is not in sync with the Podfile.lock. Run 'pod install' or update your CocoaPods installation.\" >&2\n    exit 1\nfi\n# This output is used by Xcode 'outputs' to avoid re-running this script phase.\necho \"SUCCESS\" > \"${SCRIPT_OUTPUT_FILE_0}\"\n";
			showEnvVarsInLog = 0;
		};
/* End PBXShellScriptBuildPhase section */

/* Begin PBXSourcesBuildPhase section */
		1C831DB220B9A3AE003648C6 /* Sources */ = {
			isa = PBXSourcesBuildPhase;
			buildActionMask = 2147483647;
			files = (
				1C2E2F7521062A79003CFD58 /* InterceptedRequestHandlerRegistrable.swift in Sources */,
				1C831DC620B9A420003648C6 /* NetworkInterceptor.swift in Sources */,
				1C36592F2129CE1D0040A19B /* AnyHttpRequestEvaluator.swift in Sources */,
				1CAD80D02132947500CA2160 /* NetworkRequestRedirectHandler.swift in Sources */,
				1CAD80CE21328E9400CA2160 /* AlternateDomainSniffableRequestHandler.swift in Sources */,
				1C19A2A9216A0D140041F5BE /* URLRequestFactory.swift in Sources */,
				1CAD80DA2133042400CA2160 /* AlternateUrlRequestRedirector.swift in Sources */,
				1C2E2F2820F4783C003CFD58 /* NetworkInterceptorConfig.swift in Sources */,
				1CAD80D521329BE900CA2160 /* NetworkRequestSniffableUrlProtocol.swift in Sources */,
				1C831DC920B9A706003648C6 /* NetworkRequestInterceptor.swift in Sources */,
				1CAD80D221329B7100CA2160 /* NetworkRedirectUrlProtocol.swift in Sources */,
				1C2E2F2A20F47B2E003CFD58 /* ConsoleLoggerSniffableRequestHandler.swift in Sources */,
				1CAD80D82132A7DC00CA2160 /* AlternateDomainRequestRedirector.swift in Sources */,
				1CAD80CC21328D5600CA2160 /* DomainHttpRequestEvaluator.swift in Sources */,
				1C831DCE20B9AA03003648C6 /* SlackSniffableRequestHandler.swift in Sources */,
			);
			runOnlyForDeploymentPostprocessing = 0;
		};
/* End PBXSourcesBuildPhase section */

/* Begin XCBuildConfiguration section */
		1C831DBD20B9A3AE003648C6 /* Debug */ = {
			isa = XCBuildConfiguration;
			buildSettings = {
				ALWAYS_SEARCH_USER_PATHS = NO;
				CLANG_ANALYZER_NONNULL = YES;
				CLANG_ANALYZER_NUMBER_OBJECT_CONVERSION = YES_AGGRESSIVE;
				CLANG_CXX_LANGUAGE_STANDARD = "gnu++14";
				CLANG_CXX_LIBRARY = "libc++";
				CLANG_ENABLE_MODULES = YES;
				CLANG_ENABLE_OBJC_ARC = YES;
				CLANG_ENABLE_OBJC_WEAK = YES;
				CLANG_WARN_BLOCK_CAPTURE_AUTORELEASING = YES;
				CLANG_WARN_BOOL_CONVERSION = YES;
				CLANG_WARN_COMMA = YES;
				CLANG_WARN_CONSTANT_CONVERSION = YES;
				CLANG_WARN_DEPRECATED_OBJC_IMPLEMENTATIONS = YES;
				CLANG_WARN_DIRECT_OBJC_ISA_USAGE = YES_ERROR;
				CLANG_WARN_DOCUMENTATION_COMMENTS = YES;
				CLANG_WARN_EMPTY_BODY = YES;
				CLANG_WARN_ENUM_CONVERSION = YES;
				CLANG_WARN_INFINITE_RECURSION = YES;
				CLANG_WARN_INT_CONVERSION = YES;
				CLANG_WARN_NON_LITERAL_NULL_CONVERSION = YES;
				CLANG_WARN_OBJC_IMPLICIT_RETAIN_SELF = YES;
				CLANG_WARN_OBJC_LITERAL_CONVERSION = YES;
				CLANG_WARN_OBJC_ROOT_CLASS = YES_ERROR;
				CLANG_WARN_RANGE_LOOP_ANALYSIS = YES;
				CLANG_WARN_STRICT_PROTOTYPES = YES;
				CLANG_WARN_SUSPICIOUS_MOVE = YES;
				CLANG_WARN_UNGUARDED_AVAILABILITY = YES_AGGRESSIVE;
				CLANG_WARN_UNREACHABLE_CODE = YES;
				CLANG_WARN__DUPLICATE_METHOD_MATCH = YES;
				CODE_SIGN_IDENTITY = "iPhone Developer";
				COPY_PHASE_STRIP = NO;
				CURRENT_PROJECT_VERSION = 1;
				DEBUG_INFORMATION_FORMAT = dwarf;
				ENABLE_STRICT_OBJC_MSGSEND = YES;
				ENABLE_TESTABILITY = YES;
				GCC_C_LANGUAGE_STANDARD = gnu11;
				GCC_DYNAMIC_NO_PIC = NO;
				GCC_NO_COMMON_BLOCKS = YES;
				GCC_OPTIMIZATION_LEVEL = 0;
				GCC_PREPROCESSOR_DEFINITIONS = (
					"DEBUG=1",
					"$(inherited)",
				);
				GCC_WARN_64_TO_32_BIT_CONVERSION = YES;
				GCC_WARN_ABOUT_RETURN_TYPE = YES_ERROR;
				GCC_WARN_UNDECLARED_SELECTOR = YES;
				GCC_WARN_UNINITIALIZED_AUTOS = YES_AGGRESSIVE;
				GCC_WARN_UNUSED_FUNCTION = YES;
				GCC_WARN_UNUSED_VARIABLE = YES;
				IPHONEOS_DEPLOYMENT_TARGET = 11.3;
				MTL_ENABLE_DEBUG_INFO = YES;
				ONLY_ACTIVE_ARCH = YES;
				SDKROOT = iphoneos;
				SWIFT_ACTIVE_COMPILATION_CONDITIONS = DEBUG;
				SWIFT_OPTIMIZATION_LEVEL = "-Onone";
				VERSIONING_SYSTEM = "apple-generic";
				VERSION_INFO_PREFIX = "";
			};
			name = Debug;
		};
		1C831DBE20B9A3AE003648C6 /* Release */ = {
			isa = XCBuildConfiguration;
			buildSettings = {
				ALWAYS_SEARCH_USER_PATHS = NO;
				CLANG_ANALYZER_NONNULL = YES;
				CLANG_ANALYZER_NUMBER_OBJECT_CONVERSION = YES_AGGRESSIVE;
				CLANG_CXX_LANGUAGE_STANDARD = "gnu++14";
				CLANG_CXX_LIBRARY = "libc++";
				CLANG_ENABLE_MODULES = YES;
				CLANG_ENABLE_OBJC_ARC = YES;
				CLANG_ENABLE_OBJC_WEAK = YES;
				CLANG_WARN_BLOCK_CAPTURE_AUTORELEASING = YES;
				CLANG_WARN_BOOL_CONVERSION = YES;
				CLANG_WARN_COMMA = YES;
				CLANG_WARN_CONSTANT_CONVERSION = YES;
				CLANG_WARN_DEPRECATED_OBJC_IMPLEMENTATIONS = YES;
				CLANG_WARN_DIRECT_OBJC_ISA_USAGE = YES_ERROR;
				CLANG_WARN_DOCUMENTATION_COMMENTS = YES;
				CLANG_WARN_EMPTY_BODY = YES;
				CLANG_WARN_ENUM_CONVERSION = YES;
				CLANG_WARN_INFINITE_RECURSION = YES;
				CLANG_WARN_INT_CONVERSION = YES;
				CLANG_WARN_NON_LITERAL_NULL_CONVERSION = YES;
				CLANG_WARN_OBJC_IMPLICIT_RETAIN_SELF = YES;
				CLANG_WARN_OBJC_LITERAL_CONVERSION = YES;
				CLANG_WARN_OBJC_ROOT_CLASS = YES_ERROR;
				CLANG_WARN_RANGE_LOOP_ANALYSIS = YES;
				CLANG_WARN_STRICT_PROTOTYPES = YES;
				CLANG_WARN_SUSPICIOUS_MOVE = YES;
				CLANG_WARN_UNGUARDED_AVAILABILITY = YES_AGGRESSIVE;
				CLANG_WARN_UNREACHABLE_CODE = YES;
				CLANG_WARN__DUPLICATE_METHOD_MATCH = YES;
				CODE_SIGN_IDENTITY = "iPhone Developer";
				COPY_PHASE_STRIP = NO;
				CURRENT_PROJECT_VERSION = 1;
				DEBUG_INFORMATION_FORMAT = "dwarf-with-dsym";
				ENABLE_NS_ASSERTIONS = NO;
				ENABLE_STRICT_OBJC_MSGSEND = YES;
				GCC_C_LANGUAGE_STANDARD = gnu11;
				GCC_NO_COMMON_BLOCKS = YES;
				GCC_WARN_64_TO_32_BIT_CONVERSION = YES;
				GCC_WARN_ABOUT_RETURN_TYPE = YES_ERROR;
				GCC_WARN_UNDECLARED_SELECTOR = YES;
				GCC_WARN_UNINITIALIZED_AUTOS = YES_AGGRESSIVE;
				GCC_WARN_UNUSED_FUNCTION = YES;
				GCC_WARN_UNUSED_VARIABLE = YES;
				IPHONEOS_DEPLOYMENT_TARGET = 11.3;
				MTL_ENABLE_DEBUG_INFO = NO;
				SDKROOT = iphoneos;
				SWIFT_COMPILATION_MODE = wholemodule;
				SWIFT_OPTIMIZATION_LEVEL = "-O";
				VALIDATE_PRODUCT = YES;
				VERSIONING_SYSTEM = "apple-generic";
				VERSION_INFO_PREFIX = "";
			};
			name = Release;
		};
		1C831DC020B9A3AE003648C6 /* Debug */ = {
			isa = XCBuildConfiguration;
			baseConfigurationReference = 7CA727150E0B1AD1D8F1EAED /* Pods-NetworkInterceptor.debug.xcconfig */;
			buildSettings = {
				CLANG_ENABLE_MODULES = YES;
				CODE_SIGN_IDENTITY = "";
				CODE_SIGN_STYLE = Automatic;
				DEFINES_MODULE = YES;
				DYLIB_COMPATIBILITY_VERSION = 1;
				DYLIB_CURRENT_VERSION = 1;
				DYLIB_INSTALL_NAME_BASE = "@rpath";
				INFOPLIST_FILE = NetworkInterceptor/Info.plist;
				INSTALL_PATH = "$(LOCAL_LIBRARY_DIR)/Frameworks";
				LD_RUNPATH_SEARCH_PATHS = (
					"$(inherited)",
					"@executable_path/Frameworks",
					"@loader_path/Frameworks",
				);
				PRODUCT_BUNDLE_IDENTIFIER = com.depoon.NetworkInterceptor;
				PRODUCT_NAME = "$(TARGET_NAME:c99extidentifier)";
				SKIP_INSTALL = YES;
				SWIFT_INSTALL_OBJC_HEADER = NO;
				SWIFT_OPTIMIZATION_LEVEL = "-Onone";
				SWIFT_VERSION = 4.0;
				TARGETED_DEVICE_FAMILY = "1,2";
			};
			name = Debug;
		};
		1C831DC120B9A3AE003648C6 /* Release */ = {
			isa = XCBuildConfiguration;
			baseConfigurationReference = E75255131FB11CF5B99D8E6F /* Pods-NetworkInterceptor.release.xcconfig */;
			buildSettings = {
				CLANG_ENABLE_MODULES = YES;
				CODE_SIGN_IDENTITY = "";
				CODE_SIGN_STYLE = Automatic;
				DEFINES_MODULE = YES;
				DYLIB_COMPATIBILITY_VERSION = 1;
				DYLIB_CURRENT_VERSION = 1;
				DYLIB_INSTALL_NAME_BASE = "@rpath";
				INFOPLIST_FILE = NetworkInterceptor/Info.plist;
				INSTALL_PATH = "$(LOCAL_LIBRARY_DIR)/Frameworks";
				LD_RUNPATH_SEARCH_PATHS = (
					"$(inherited)",
					"@executable_path/Frameworks",
					"@loader_path/Frameworks",
				);
				PRODUCT_BUNDLE_IDENTIFIER = com.depoon.NetworkInterceptor;
				PRODUCT_NAME = "$(TARGET_NAME:c99extidentifier)";
				SKIP_INSTALL = YES;
				SWIFT_INSTALL_OBJC_HEADER = NO;
				SWIFT_VERSION = 4.0;
				TARGETED_DEVICE_FAMILY = "1,2";
			};
			name = Release;
		};
/* End XCBuildConfiguration section */

/* Begin XCConfigurationList section */
		1C831DB120B9A3AE003648C6 /* Build configuration list for PBXProject "NetworkInterceptor" */ = {
			isa = XCConfigurationList;
			buildConfigurations = (
				1C831DBD20B9A3AE003648C6 /* Debug */,
				1C831DBE20B9A3AE003648C6 /* Release */,
			);
			defaultConfigurationIsVisible = 0;
			defaultConfigurationName = Release;
		};
		1C831DBF20B9A3AE003648C6 /* Build configuration list for PBXNativeTarget "NetworkInterceptor" */ = {
			isa = XCConfigurationList;
			buildConfigurations = (
				1C831DC020B9A3AE003648C6 /* Debug */,
				1C831DC120B9A3AE003648C6 /* Release */,
			);
			defaultConfigurationIsVisible = 0;
			defaultConfigurationName = Release;
		};
/* End XCConfigurationList section */
	};
	rootObject = 1C831DAE20B9A3AE003648C6 /* Project object */;
}
