PODS:
  - GzipSwift (4.0.4)
  - URLRequest-cURL (0.0.3):
    - GzipSwift

DEPENDENCIES:
  - GzipSwift
  - URLRequest-cURL

SPEC REPOS:
  https://github.com/cocoapods/specs.git:
    - GzipSwift
    - URLRequest-cURL

SPEC CHECKSUMS:
  GzipSwift: 1a5bc5f7827e09846b0635b5079f1224bc3b1c3a
  URLRequest-cURL: b159525e416ead3133ae60450660b8c82d2f2aa0

PODFILE CHECKSUM: 705ea690507f6390f795ead03efbad69830e36d4

COCOAPODS: 1.5.3
